// !$*UTF8*$!
{
	archiveVersion = 1;
	classes = {
	};
	objectVersion = 48;
	objects = {

/* Begin PBXBuildFile section */
		AC3DA69720300945008BA362 /* QuizRepository.swift in Sources */ = {isa = PBXBuildFile; fileRef = AC3DA69620300945008BA362 /* QuizRepository.swift */; };
		ACBAABFA202F8F4000126A6D /* AppDelegate.swift in Sources */ = {isa = PBXBuildFile; fileRef = ACBAABF9202F8F4000126A6D /* AppDelegate.swift */; };
		ACBAABFC202F8F4000126A6D /* ViewController.swift in Sources */ = {isa = PBXBuildFile; fileRef = ACBAABFB202F8F4000126A6D /* ViewController.swift */; };
		ACBAABFF202F8F4000126A6D /* Main.storyboard in Resources */ = {isa = PBXBuildFile; fileRef = ACBAABFD202F8F4000126A6D /* Main.storyboard */; };
		ACBAAC01202F8F4000126A6D /* Assets.xcassets in Resources */ = {isa = PBXBuildFile; fileRef = ACBAAC00202F8F4000126A6D /* Assets.xcassets */; };
		ACBAAC04202F8F4000126A6D /* LaunchScreen.storyboard in Resources */ = {isa = PBXBuildFile; fileRef = ACBAAC02202F8F4000126A6D /* LaunchScreen.storyboard */; };
		ACBAAC0F202F8F4000126A6D /* iQuizTests.swift in Sources */ = {isa = PBXBuildFile; fileRef = ACBAAC0E202F8F4000126A6D /* iQuizTests.swift */; };
		ACBAAC1A202F8F4000126A6D /* iQuizUITests.swift in Sources */ = {isa = PBXBuildFile; fileRef = ACBAAC19202F8F4000126A6D /* iQuizUITests.swift */; };
/* End PBXBuildFile section */

/* Begin PBXContainerItemProxy section */
		ACBAAC0B202F8F4000126A6D /* PBXContainerItemProxy */ = {
			isa = PBXContainerItemProxy;
			containerPortal = ACBAABEE202F8F4000126A6D /* Project object */;
			proxyType = 1;
			remoteGlobalIDString = ACBAABF5202F8F4000126A6D;
			remoteInfo = iQuiz;
		};
		ACBAAC16202F8F4000126A6D /* PBXContainerItemProxy */ = {
			isa = PBXContainerItemProxy;
			containerPortal = ACBAABEE202F8F4000126A6D /* Project object */;
			proxyType = 1;
			remoteGlobalIDString = ACBAABF5202F8F4000126A6D;
			remoteInfo = iQuiz;
		};
/* End PBXContainerItemProxy section */

/* Begin PBXFileReference section */
		AC3DA69620300945008BA362 /* QuizRepository.swift */ = {isa = PBXFileReference; lastKnownFileType = sourcecode.swift; path = QuizRepository.swift; sourceTree = "<group>"; };
		ACBAABF6202F8F4000126A6D /* iQuiz.app */ = {isa = PBXFileReference; explicitFileType = wrapper.application; includeInIndex = 0; path = iQuiz.app; sourceTree = BUILT_PRODUCTS_DIR; };
		ACBAABF9202F8F4000126A6D /* AppDelegate.swift */ = {isa = PBXFileReference; lastKnownFileType = sourcecode.swift; path = AppDelegate.swift; sourceTree = "<group>"; };
		ACBAABFB202F8F4000126A6D /* ViewController.swift */ = {isa = PBXFileReference; lastKnownFileType = sourcecode.swift; path = ViewController.swift; sourceTree = "<group>"; };
		ACBAABFE202F8F4000126A6D /* Base */ = {isa = PBXFileReference; lastKnownFileType = file.storyboard; name = Base; path = Base.lproj/Main.storyboard; sourceTree = "<group>"; };
		ACBAAC00202F8F4000126A6D /* Assets.xcassets */ = {isa = PBXFileReference; lastKnownFileType = folder.assetcatalog; path = Assets.xcassets; sourceTree = "<group>"; };
		ACBAAC03202F8F4000126A6D /* Base */ = {isa = PBXFileReference; lastKnownFileType = file.storyboard; name = Base; path = Base.lproj/LaunchScreen.storyboard; sourceTree = "<group>"; };
		ACBAAC05202F8F4000126A6D /* Info.plist */ = {isa = PBXFileReference; lastKnownFileType = text.plist.xml; path = Info.plist; sourceTree = "<group>"; };
		ACBAAC0A202F8F4000126A6D /* iQuizTests.xctest */ = {isa = PBXFileReference; explicitFileType = wrapper.cfbundle; includeInIndex = 0; path = iQuizTests.xctest; sourceTree = BUILT_PRODUCTS_DIR; };
		ACBAAC0E202F8F4000126A6D /* iQuizTests.swift */ = {isa = PBXFileReference; lastKnownFileType = sourcecode.swift; path = iQuizTests.swift; sourceTree = "<group>"; };
		ACBAAC10202F8F4000126A6D /* Info.plist */ = {isa = PBXFileReference; lastKnownFileType = text.plist.xml; path = Info.plist; sourceTree = "<group>"; };
		ACBAAC15202F8F4000126A6D /* iQuizUITests.xctest */ = {isa = PBXFileReference; explicitFileType = wrapper.cfbundle; includeInIndex = 0; path = iQuizUITests.xctest; sourceTree = BUILT_PRODUCTS_DIR; };
		ACBAAC19202F8F4000126A6D /* iQuizUITests.swift */ = {isa = PBXFileReference; lastKnownFileType = sourcecode.swift; path = iQuizUITests.swift; sourceTree = "<group>"; };
		ACBAAC1B202F8F4000126A6D /* Info.plist */ = {isa = PBXFileReference; lastKnownFileType = text.plist.xml; path = Info.plist; sourceTree = "<group>"; };
/* End PBXFileReference section */

/* Begin PBXFrameworksBuildPhase section */
		ACBAABF3202F8F4000126A6D /* Frameworks */ = {
			isa = PBXFrameworksBuildPhase;
			buildActionMask = 2147483647;
			files = (
			);
			runOnlyForDeploymentPostprocessing = 0;
		};
		ACBAAC07202F8F4000126A6D /* Frameworks */ = {
			isa = PBXFrameworksBuildPhase;
			buildActionMask = 2147483647;
			files = (
			);
			runOnlyForDeploymentPostprocessing = 0;
		};
		ACBAAC12202F8F4000126A6D /* Frameworks */ = {
			isa = PBXFrameworksBuildPhase;
			buildActionMask = 2147483647;
			files = (
			);
			runOnlyForDeploymentPostprocessing = 0;
		};
/* End PBXFrameworksBuildPhase section */

/* Begin PBXGroup section */
		ACBAABED202F8F4000126A6D = {
			isa = PBXGroup;
			children = (
				ACBAABF8202F8F4000126A6D /* iQuiz */,
				ACBAAC0D202F8F4000126A6D /* iQuizTests */,
				ACBAAC18202F8F4000126A6D /* iQuizUITests */,
				ACBAABF7202F8F4000126A6D /* Products */,
			);
			sourceTree = "<group>";
		};
		ACBAABF7202F8F4000126A6D /* Products */ = {
			isa = PBXGroup;
			children = (
				ACBAABF6202F8F4000126A6D /* iQuiz.app */,
				ACBAAC0A202F8F4000126A6D /* iQuizTests.xctest */,
				ACBAAC15202F8F4000126A6D /* iQuizUITests.xctest */,
			);
			name = Products;
			sourceTree = "<group>";
		};
		ACBAABF8202F8F4000126A6D /* iQuiz */ = {
			isa = PBXGroup;
			children = (
				ACBAABF9202F8F4000126A6D /* AppDelegate.swift */,
				ACBAABFB202F8F4000126A6D /* ViewController.swift */,
				ACBAABFD202F8F4000126A6D /* Main.storyboard */,
				ACBAAC00202F8F4000126A6D /* Assets.xcassets */,
				ACBAAC02202F8F4000126A6D /* LaunchScreen.storyboard */,
				ACBAAC05202F8F4000126A6D /* Info.plist */,
				AC3DA69620300945008BA362 /* QuizRepository.swift */,
			);
			path = iQuiz;
			sourceTree = "<group>";
		};
		ACBAAC0D202F8F4000126A6D /* iQuizTests */ = {
			isa = PBXGroup;
			children = (
				ACBAAC0E202F8F4000126A6D /* iQuizTests.swift */,
				ACBAAC10202F8F4000126A6D /* Info.plist */,
			);
			path = iQuizTests;
			sourceTree = "<group>";
		};
		ACBAAC18202F8F4000126A6D /* iQuizUITests */ = {
			isa = PBXGroup;
			children = (
				ACBAAC19202F8F4000126A6D /* iQuizUITests.swift */,
				ACBAAC1B202F8F4000126A6D /* Info.plist */,
			);
			path = iQuizUITests;
			sourceTree = "<group>";
		};
/* End PBXGroup section */

/* Begin PBXNativeTarget section */
		ACBAABF5202F8F4000126A6D /* iQuiz */ = {
			isa = PBXNativeTarget;
			buildConfigurationList = ACBAAC1E202F8F4000126A6D /* Build configuration list for PBXNativeTarget "iQuiz" */;
			buildPhases = (
				ACBAABF2202F8F4000126A6D /* Sources */,
				ACBAABF3202F8F4000126A6D /* Frameworks */,
				ACBAABF4202F8F4000126A6D /* Resources */,
			);
			buildRules = (
			);
			dependencies = (
			);
			name = iQuiz;
			productName = iQuiz;
			productReference = ACBAABF6202F8F4000126A6D /* iQuiz.app */;
			productType = "com.apple.product-type.application";
		};
		ACBAAC09202F8F4000126A6D /* iQuizTests */ = {
			isa = PBXNativeTarget;
			buildConfigurationList = ACBAAC21202F8F4000126A6D /* Build configuration list for PBXNativeTarget "iQuizTests" */;
			buildPhases = (
				ACBAAC06202F8F4000126A6D /* Sources */,
				ACBAAC07202F8F4000126A6D /* Frameworks */,
				ACBAAC08202F8F4000126A6D /* Resources */,
			);
			buildRules = (
			);
			dependencies = (
				ACBAAC0C202F8F4000126A6D /* PBXTargetDependency */,
			);
			name = iQuizTests;
			productName = iQuizTests;
			productReference = ACBAAC0A202F8F4000126A6D /* iQuizTests.xctest */;
			productType = "com.apple.product-type.bundle.unit-test";
		};
		ACBAAC14202F8F4000126A6D /* iQuizUITests */ = {
			isa = PBXNativeTarget;
			buildConfigurationList = ACBAAC24202F8F4000126A6D /* Build configuration list for PBXNativeTarget "iQuizUITests" */;
			buildPhases = (
				ACBAAC11202F8F4000126A6D /* Sources */,
				ACBAAC12202F8F4000126A6D /* Frameworks */,
				ACBAAC13202F8F4000126A6D /* Resources */,
			);
			buildRules = (
			);
			dependencies = (
				ACBAAC17202F8F4000126A6D /* PBXTargetDependency */,
			);
			name = iQuizUITests;
			productName = iQuizUITests;
			productReference = ACBAAC15202F8F4000126A6D /* iQuizUITests.xctest */;
			productType = "com.apple.product-type.bundle.ui-testing";
		};
/* End PBXNativeTarget section */

/* Begin PBXProject section */
		ACBAABEE202F8F4000126A6D /* Project object */ = {
			isa = PBXProject;
			attributes = {
				LastSwiftUpdateCheck = 0920;
				LastUpgradeCheck = 0920;
				ORGANIZATIONNAME = info.u.washington.edu.govindg;
				TargetAttributes = {
					ACBAABF5202F8F4000126A6D = {
						CreatedOnToolsVersion = 9.2;
						ProvisioningStyle = Automatic;
					};
					ACBAAC09202F8F4000126A6D = {
						CreatedOnToolsVersion = 9.2;
						ProvisioningStyle = Automatic;
						TestTargetID = ACBAABF5202F8F4000126A6D;
					};
					ACBAAC14202F8F4000126A6D = {
						CreatedOnToolsVersion = 9.2;
						ProvisioningStyle = Automatic;
						TestTargetID = ACBAABF5202F8F4000126A6D;
					};
				};
			};
			buildConfigurationList = ACBAABF1202F8F4000126A6D /* Build configuration list for PBXProject "iQuiz" */;
			compatibilityVersion = "Xcode 8.0";
			developmentRegion = en;
			hasScannedForEncodings = 0;
			knownRegions = (
				en,
				Base,
			);
			mainGroup = ACBAABED202F8F4000126A6D;
			productRefGroup = ACBAABF7202F8F4000126A6D /* Products */;
			projectDirPath = "";
			projectRoot = "";
			targets = (
				ACBAABF5202F8F4000126A6D /* iQuiz */,
				ACBAAC09202F8F4000126A6D /* iQuizTests */,
				ACBAAC14202F8F4000126A6D /* iQuizUITests */,
			);
		};
/* End PBXProject section */

/* Begin PBXResourcesBuildPhase section */
		ACBAABF4202F8F4000126A6D /* Resources */ = {
			isa = PBXResourcesBuildPhase;
			buildActionMask = 2147483647;
			files = (
				ACBAAC04202F8F4000126A6D /* LaunchScreen.storyboard in Resources */,
				ACBAAC01202F8F4000126A6D /* Assets.xcassets in Resources */,
				ACBAABFF202F8F4000126A6D /* Main.storyboard in Resources */,
			);
			runOnlyForDeploymentPostprocessing = 0;
		};
		ACBAAC08202F8F4000126A6D /* Resources */ = {
			isa = PBXResourcesBuildPhase;
			buildActionMask = 2147483647;
			files = (
			);
			runOnlyForDeploymentPostprocessing = 0;
		};
		ACBAAC13202F8F4000126A6D /* Resources */ = {
			isa = PBXResourcesBuildPhase;
			buildActionMask = 2147483647;
			files = (
			);
			runOnlyForDeploymentPostprocessing = 0;
		};
/* End PBXResourcesBuildPhase section */

/* Begin PBXSourcesBuildPhase section */
		ACBAABF2202F8F4000126A6D /* Sources */ = {
			isa = PBXSourcesBuildPhase;
			buildActionMask = 2147483647;
			files = (
				ACBAABFC202F8F4000126A6D /* ViewController.swift in Sources */,
				ACBAABFA202F8F4000126A6D /* AppDelegate.swift in Sources */,
				AC3DA69720300945008BA362 /* QuizRepository.swift in Sources */,
			);
			runOnlyForDeploymentPostprocessing = 0;
		};
		ACBAAC06202F8F4000126A6D /* Sources */ = {
			isa = PBXSourcesBuildPhase;
			buildActionMask = 2147483647;
			files = (
				ACBAAC0F202F8F4000126A6D /* iQuizTests.swift in Sources */,
			);
			runOnlyForDeploymentPostprocessing = 0;
		};
		ACBAAC11202F8F4000126A6D /* Sources */ = {
			isa = PBXSourcesBuildPhase;
			buildActionMask = 2147483647;
			files = (
				ACBAAC1A202F8F4000126A6D /* iQuizUITests.swift in Sources */,
			);
			runOnlyForDeploymentPostprocessing = 0;
		};
/* End PBXSourcesBuildPhase section */

/* Begin PBXTargetDependency section */
		ACBAAC0C202F8F4000126A6D /* PBXTargetDependency */ = {
			isa = PBXTargetDependency;
			target = ACBAABF5202F8F4000126A6D /* iQuiz */;
			targetProxy = ACBAAC0B202F8F4000126A6D /* PBXContainerItemProxy */;
		};
		ACBAAC17202F8F4000126A6D /* PBXTargetDependency */ = {
			isa = PBXTargetDependency;
			target = ACBAABF5202F8F4000126A6D /* iQuiz */;
			targetProxy = ACBAAC16202F8F4000126A6D /* PBXContainerItemProxy */;
		};
/* End PBXTargetDependency section */

/* Begin PBXVariantGroup section */
		ACBAABFD202F8F4000126A6D /* Main.storyboard */ = {
			isa = PBXVariantGroup;
			children = (
				ACBAABFE202F8F4000126A6D /* Base */,
			);
			name = Main.storyboard;
			sourceTree = "<group>";
		};
		ACBAAC02202F8F4000126A6D /* LaunchScreen.storyboard */ = {
			isa = PBXVariantGroup;
			children = (
				ACBAAC03202F8F4000126A6D /* Base */,
			);
			name = LaunchScreen.storyboard;
			sourceTree = "<group>";
		};
/* End PBXVariantGroup section */

/* Begin XCBuildConfiguration section */
		ACBAAC1C202F8F4000126A6D /* Debug */ = {
			isa = XCBuildConfiguration;
			buildSettings = {
				ALWAYS_SEARCH_USER_PATHS = NO;
				CLANG_ANALYZER_NONNULL = YES;
				CLANG_ANALYZER_NUMBER_OBJECT_CONVERSION = YES_AGGRESSIVE;
				CLANG_CXX_LANGUAGE_STANDARD = "gnu++14";
				CLANG_CXX_LIBRARY = "libc++";
				CLANG_ENABLE_MODULES = YES;
				CLANG_ENABLE_OBJC_ARC = YES;
				CLANG_WARN_BLOCK_CAPTURE_AUTORELEASING = YES;
				CLANG_WARN_BOOL_CONVERSION = YES;
				CLANG_WARN_COMMA = YES;
				CLANG_WARN_CONSTANT_CONVERSION = YES;
				CLANG_WARN_DIRECT_OBJC_ISA_USAGE = YES_ERROR;
				CLANG_WARN_DOCUMENTATION_COMMENTS = YES;
				CLANG_WARN_EMPTY_BODY = YES;
				CLANG_WARN_ENUM_CONVERSION = YES;
				CLANG_WARN_INFINITE_RECURSION = YES;
				CLANG_WARN_INT_CONVERSION = YES;
				CLANG_WARN_NON_LITERAL_NULL_CONVERSION = YES;
				CLANG_WARN_OBJC_LITERAL_CONVERSION = YES;
				CLANG_WARN_OBJC_ROOT_CLASS = YES_ERROR;
				CLANG_WARN_RANGE_LOOP_ANALYSIS = YES;
				CLANG_WARN_STRICT_PROTOTYPES = YES;
				CLANG_WARN_SUSPICIOUS_MOVE = YES;
				CLANG_WARN_UNGUARDED_AVAILABILITY = YES_AGGRESSIVE;
				CLANG_WARN_UNREACHABLE_CODE = YES;
				CLANG_WARN__DUPLICATE_METHOD_MATCH = YES;
				CODE_SIGN_IDENTITY = "iPhone Developer";
				COPY_PHASE_STRIP = NO;
				DEBUG_INFORMATION_FORMAT = dwarf;
				ENABLE_STRICT_OBJC_MSGSEND = YES;
				ENABLE_TESTABILITY = YES;
				GCC_C_LANGUAGE_STANDARD = gnu11;
				GCC_DYNAMIC_NO_PIC = NO;
				GCC_NO_COMMON_BLOCKS = YES;
				GCC_OPTIMIZATION_LEVEL = 0;
				GCC_PREPROCESSOR_DEFINITIONS = (
					"DEBUG=1",
					"$(inherited)",
				);
				GCC_WARN_64_TO_32_BIT_CONVERSION = YES;
				GCC_WARN_ABOUT_RETURN_TYPE = YES_ERROR;
				GCC_WARN_UNDECLARED_SELECTOR = YES;
				GCC_WARN_UNINITIALIZED_AUTOS = YES_AGGRESSIVE;
				GCC_WARN_UNUSED_FUNCTION = YES;
				GCC_WARN_UNUSED_VARIABLE = YES;
				IPHONEOS_DEPLOYMENT_TARGET = 11.2;
				MTL_ENABLE_DEBUG_INFO = YES;
				ONLY_ACTIVE_ARCH = YES;
				SDKROOT = iphoneos;
				SWIFT_ACTIVE_COMPILATION_CONDITIONS = DEBUG;
				SWIFT_OPTIMIZATION_LEVEL = "-Onone";
			};
			name = Debug;
		};
		ACBAAC1D202F8F4000126A6D /* Release */ = {
			isa = XCBuildConfiguration;
			buildSettings = {
				ALWAYS_SEARCH_USER_PATHS = NO;
				CLANG_ANALYZER_NONNULL = YES;
				CLANG_ANALYZER_NUMBER_OBJECT_CONVERSION = YES_AGGRESSIVE;
				CLANG_CXX_LANGUAGE_STANDARD = "gnu++14";
				CLANG_CXX_LIBRARY = "libc++";
				CLANG_ENABLE_MODULES = YES;
				CLANG_ENABLE_OBJC_ARC = YES;
				CLANG_WARN_BLOCK_CAPTURE_AUTORELEASING = YES;
				CLANG_WARN_BOOL_CONVERSION = YES;
				CLANG_WARN_COMMA = YES;
				CLANG_WARN_CONSTANT_CONVERSION = YES;
				CLANG_WARN_DIRECT_OBJC_ISA_USAGE = YES_ERROR;
				CLANG_WARN_DOCUMENTATION_COMMENTS = YES;
				CLANG_WARN_EMPTY_BODY = YES;
				CLANG_WARN_ENUM_CONVERSION = YES;
				CLANG_WARN_INFINITE_RECURSION = YES;
				CLANG_WARN_INT_CONVERSION = YES;
				CLANG_WARN_NON_LITERAL_NULL_CONVERSION = YES;
				CLANG_WARN_OBJC_LITERAL_CONVERSION = YES;
				CLANG_WARN_OBJC_ROOT_CLASS = YES_ERROR;
				CLANG_WARN_RANGE_LOOP_ANALYSIS = YES;
				CLANG_WARN_STRICT_PROTOTYPES = YES;
				CLANG_WARN_SUSPICIOUS_MOVE = YES;
				CLANG_WARN_UNGUARDED_AVAILABILITY = YES_AGGRESSIVE;
				CLANG_WARN_UNREACHABLE_CODE = YES;
				CLANG_WARN__DUPLICATE_METHOD_MATCH = YES;
				CODE_SIGN_IDENTITY = "iPhone Developer";
				COPY_PHASE_STRIP = NO;
				DEBUG_INFORMATION_FORMAT = "dwarf-with-dsym";
				ENABLE_NS_ASSERTIONS = NO;
				ENABLE_STRICT_OBJC_MSGSEND = YES;
				GCC_C_LANGUAGE_STANDARD = gnu11;
				GCC_NO_COMMON_BLOCKS = YES;
				GCC_WARN_64_TO_32_BIT_CONVERSION = YES;
				GCC_WARN_ABOUT_RETURN_TYPE = YES_ERROR;
				GCC_WARN_UNDECLARED_SELECTOR = YES;
				GCC_WARN_UNINITIALIZED_AUTOS = YES_AGGRESSIVE;
				GCC_WARN_UNUSED_FUNCTION = YES;
				GCC_WARN_UNUSED_VARIABLE = YES;
				IPHONEOS_DEPLOYMENT_TARGET = 11.2;
				MTL_ENABLE_DEBUG_INFO = NO;
				SDKROOT = iphoneos;
				SWIFT_OPTIMIZATION_LEVEL = "-Owholemodule";
				VALIDATE_PRODUCT = YES;
			};
			name = Release;
		};
		ACBAAC1F202F8F4000126A6D /* Debug */ = {
			isa = XCBuildConfiguration;
			buildSettings = {
				ASSETCATALOG_COMPILER_APPICON_NAME = AppIcon;
				CODE_SIGN_STYLE = Automatic;
				DEVELOPMENT_TEAM = P4P6Q2URBT;
				INFOPLIST_FILE = iQuiz/Info.plist;
				LD_RUNPATH_SEARCH_PATHS = "$(inherited) @executable_path/Frameworks";
				PRODUCT_BUNDLE_IDENTIFIER = info.u.washington.edu.govindg.iQuiz;
				PRODUCT_NAME = "$(TARGET_NAME)";
				SWIFT_VERSION = 4.0;
				TARGETED_DEVICE_FAMILY = "1,2";
			};
			name = Debug;
		};
		ACBAAC20202F8F4000126A6D /* Release */ = {
			isa = XCBuildConfiguration;
			buildSettings = {
				ASSETCATALOG_COMPILER_APPICON_NAME = AppIcon;
				CODE_SIGN_STYLE = Automatic;
				DEVELOPMENT_TEAM = P4P6Q2URBT;
				INFOPLIST_FILE = iQuiz/Info.plist;
				LD_RUNPATH_SEARCH_PATHS = "$(inherited) @executable_path/Frameworks";
				PRODUCT_BUNDLE_IDENTIFIER = info.u.washington.edu.govindg.iQuiz;
				PRODUCT_NAME = "$(TARGET_NAME)";
				SWIFT_VERSION = 4.0;
				TARGETED_DEVICE_FAMILY = "1,2";
			};
			name = Release;
		};
		ACBAAC22202F8F4000126A6D /* Debug */ = {
			isa = XCBuildConfiguration;
			buildSettings = {
				ALWAYS_EMBED_SWIFT_STANDARD_LIBRARIES = YES;
				BUNDLE_LOADER = "$(TEST_HOST)";
				CODE_SIGN_STYLE = Automatic;
				DEVELOPMENT_TEAM = P4P6Q2URBT;
				INFOPLIST_FILE = iQuizTests/Info.plist;
				LD_RUNPATH_SEARCH_PATHS = "$(inherited) @executable_path/Frameworks @loader_path/Frameworks";
				PRODUCT_BUNDLE_IDENTIFIER = info.u.washington.edu.govindg.iQuizTests;
				PRODUCT_NAME = "$(TARGET_NAME)";
				SWIFT_VERSION = 4.0;
				TARGETED_DEVICE_FAMILY = "1,2";
				TEST_HOST = "$(BUILT_PRODUCTS_DIR)/iQuiz.app/iQuiz";
			};
			name = Debug;
		};
		ACBAAC23202F8F4000126A6D /* Release */ = {
			isa = XCBuildConfiguration;
			buildSettings = {
				ALWAYS_EMBED_SWIFT_STANDARD_LIBRARIES = YES;
				BUNDLE_LOADER = "$(TEST_HOST)";
				CODE_SIGN_STYLE = Automatic;
				DEVELOPMENT_TEAM = P4P6Q2URBT;
				INFOPLIST_FILE = iQuizTests/Info.plist;
				LD_RUNPATH_SEARCH_PATHS = "$(inherited) @executable_path/Frameworks @loader_path/Frameworks";
				PRODUCT_BUNDLE_IDENTIFIER = info.u.washington.edu.govindg.iQuizTests;
				PRODUCT_NAME = "$(TARGET_NAME)";
				SWIFT_VERSION = 4.0;
				TARGETED_DEVICE_FAMILY = "1,2";
				TEST_HOST = "$(BUILT_PRODUCTS_DIR)/iQuiz.app/iQuiz";
			};
			name = Release;
		};
		ACBAAC25202F8F4000126A6D /* Debug */ = {
			isa = XCBuildConfiguration;
			buildSettings = {
				ALWAYS_EMBED_SWIFT_STANDARD_LIBRARIES = YES;
				CODE_SIGN_STYLE = Automatic;
				DEVELOPMENT_TEAM = P4P6Q2URBT;
				INFOPLIST_FILE = iQuizUITests/Info.plist;
				LD_RUNPATH_SEARCH_PATHS = "$(inherited) @executable_path/Frameworks @loader_path/Frameworks";
				PRODUCT_BUNDLE_IDENTIFIER = info.u.washington.edu.govindg.iQuizUITests;
				PRODUCT_NAME = "$(TARGET_NAME)";
				SWIFT_VERSION = 4.0;
				TARGETED_DEVICE_FAMILY = "1,2";
				TEST_TARGET_NAME = iQuiz;
			};
			name = Debug;
		};
		ACBAAC26202F8F4000126A6D /* Release */ = {
			isa = XCBuildConfiguration;
			buildSettings = {
				ALWAYS_EMBED_SWIFT_STANDARD_LIBRARIES = YES;
				CODE_SIGN_STYLE = Automatic;
				DEVELOPMENT_TEAM = P4P6Q2URBT;
				INFOPLIST_FILE = iQuizUITests/Info.plist;
				LD_RUNPATH_SEARCH_PATHS = "$(inherited) @executable_path/Frameworks @loader_path/Frameworks";
				PRODUCT_BUNDLE_IDENTIFIER = info.u.washington.edu.govindg.iQuizUITests;
				PRODUCT_NAME = "$(TARGET_NAME)";
				SWIFT_VERSION = 4.0;
				TARGETED_DEVICE_FAMILY = "1,2";
				TEST_TARGET_NAME = iQuiz;
			};
			name = Release;
		};
/* End XCBuildConfiguration section */

/* Begin XCConfigurationList section */
		ACBAABF1202F8F4000126A6D /* Build configuration list for PBXProject "iQuiz" */ = {
			isa = XCConfigurationList;
			buildConfigurations = (
				ACBAAC1C202F8F4000126A6D /* Debug */,
				ACBAAC1D202F8F4000126A6D /* Release */,
			);
			defaultConfigurationIsVisible = 0;
			defaultConfigurationName = Release;
		};
		ACBAAC1E202F8F4000126A6D /* Build configuration list for PBXNativeTarget "iQuiz" */ = {
			isa = XCConfigurationList;
			buildConfigurations = (
				ACBAAC1F202F8F4000126A6D /* Debug */,
				ACBAAC20202F8F4000126A6D /* Release */,
			);
			defaultConfigurationIsVisible = 0;
			defaultConfigurationName = Release;
		};
		ACBAAC21202F8F4000126A6D /* Build configuration list for PBXNativeTarget "iQuizTests" */ = {
			isa = XCConfigurationList;
			buildConfigurations = (
				ACBAAC22202F8F4000126A6D /* Debug */,
				ACBAAC23202F8F4000126A6D /* Release */,
			);
			defaultConfigurationIsVisible = 0;
			defaultConfigurationName = Release;
		};
		ACBAAC24202F8F4000126A6D /* Build configuration list for PBXNativeTarget "iQuizUITests" */ = {
			isa = XCConfigurationList;
			buildConfigurations = (
				ACBAAC25202F8F4000126A6D /* Debug */,
				ACBAAC26202F8F4000126A6D /* Release */,
			);
			defaultConfigurationIsVisible = 0;
			defaultConfigurationName = Release;
		};
/* End XCConfigurationList section */
	};
	rootObject = ACBAABEE202F8F4000126A6D /* Project object */;
}
